
Microsoft Visual Studio Solution File, Format Version 12.00
# Visual Studio Version 17
VisualStudioVersion = 17.0.31903.59
MinimumVisualStudioVersion = 10.0.40219.1
Project("{2150E333-8FDC-42A3-9474-1A3956D46DE8}") = "src", "src", "{D03AFCBE-CE23-46A9-BD84-BCF91B718E9B}"
EndProject
Project("{FAE04EC0-301F-11D3-BF4B-00C04F79EFBC}") = "careerhive.api", "src\careerhive.api\careerhive.api.csproj", "{C8CEF29F-9E45-4A58-9A8C-48B818D04EBF}"
EndProject
Project("{FAE04EC0-301F-11D3-BF4B-00C04F79EFBC}") = "careerhive.application", "src\careerhive.application\careerhive.application.csproj", "{CE2C5C19-D326-44B7-89EA-BFEC5937D8DF}"
EndProject
Project("{FAE04EC0-301F-11D3-BF4B-00C04F79EFBC}") = "careerhive.domain", "src\careerhive.domain\careerhive.domain.csproj", "{BC2E6EAE-1F62-4CCB-B113-86D41EC45177}"
EndProject
Project("{FAE04EC0-301F-11D3-BF4B-00C04F79EFBC}") = "careerhive.infrastructure", "src\careerhive.infrastructure\careerhive.infrastructure.csproj", "{9787249A-5754-447E-9875-D2BCDCE87A05}"
EndProject
Global
	GlobalSection(SolutionConfigurationPlatforms) = preSolution
		Debug|Any CPU = Debug|Any CPU
		Release|Any CPU = Release|Any CPU
	EndGlobalSection
	GlobalSection(ProjectConfigurationPlatforms) = postSolution
		{C8CEF29F-9E45-4A58-9A8C-48B818D04EBF}.Debug|Any CPU.ActiveCfg = Debug|Any CPU
		{C8CEF29F-9E45-4A58-9A8C-48B818D04EBF}.Debug|Any CPU.Build.0 = Debug|Any CPU
		{C8CEF29F-9E45-4A58-9A8C-48B818D04EBF}.Release|Any CPU.ActiveCfg = Release|Any CPU
		{C8CEF29F-9E45-4A58-9A8C-48B818D04EBF}.Release|Any CPU.Build.0 = Release|Any CPU
		{CE2C5C19-D326-44B7-89EA-BFEC5937D8DF}.Debug|Any CPU.ActiveCfg = Debug|Any CPU
		{CE2C5C19-D326-44B7-89EA-BFEC5937D8DF}.Debug|Any CPU.Build.0 = Debug|Any CPU
		{CE2C5C19-D326-44B7-89EA-BFEC5937D8DF}.Release|Any CPU.ActiveCfg = Release|Any CPU
		{CE2C5C19-D326-44B7-89EA-BFEC5937D8DF}.Release|Any CPU.Build.0 = Release|Any CPU
		{BC2E6EAE-1F62-4CCB-B113-86D41EC45177}.Debug|Any CPU.ActiveCfg = Debug|Any CPU
		{BC2E6EAE-1F62-4CCB-B113-86D41EC45177}.Debug|Any CPU.Build.0 = Debug|Any CPU
		{BC2E6EAE-1F62-4CCB-B113-86D41EC45177}.Release|Any CPU.ActiveCfg = Release|Any CPU
		{BC2E6EAE-1F62-4CCB-B113-86D41EC45177}.Release|Any CPU.Build.0 = Release|Any CPU
		{9787249A-5754-447E-9875-D2BCDCE87A05}.Debug|Any CPU.ActiveCfg = Debug|Any CPU
		{9787249A-5754-447E-9875-D2BCDCE87A05}.Debug|Any CPU.Build.0 = Debug|Any CPU
		{9787249A-5754-447E-9875-D2BCDCE87A05}.Release|Any CPU.ActiveCfg = Release|Any CPU
		{9787249A-5754-447E-9875-D2BCDCE87A05}.Release|Any CPU.Build.0 = Release|Any CPU
	EndGlobalSection
	GlobalSection(SolutionProperties) = preSolution
		HideSolutionNode = FALSE
	EndGlobalSection
	GlobalSection(NestedProjects) = preSolution
		{C8CEF29F-9E45-4A58-9A8C-48B818D04EBF} = {D03AFCBE-CE23-46A9-BD84-BCF91B718E9B}
		{CE2C5C19-D326-44B7-89EA-BFEC5937D8DF} = {D03AFCBE-CE23-46A9-BD84-BCF91B718E9B}
		{BC2E6EAE-1F62-4CCB-B113-86D41EC45177} = {D03AFCBE-CE23-46A9-BD84-BCF91B718E9B}
		{9787249A-5754-447E-9875-D2BCDCE87A05} = {D03AFCBE-CE23-46A9-BD84-BCF91B718E9B}
	EndGlobalSection
EndGlobal
